lockfileVersion: '9.0'

settings:
  autoInstallPeers: true
  excludeLinksFromLockfile: false

importers:

  .:
    dependencies:
      '@aws-sdk/client-s3':
        specifier: ^3.1073.0
        version: 3.1073.0
      '@google/generative-ai':
        specifier: ^0.24.1
        version: 0.24.1
      '@huggingface/inference':
        specifier: ^4.13.19
        version: 4.13.19
      dotenv:
        specifier: ^17.0.0
        version: 17.4.1
      js-yaml:
        specifier: ^5.2.1
        version: 5.2.1
      playwright:
        specifier: 1.61.0
        version: 1.61.0
      postgres:
        specifier: ^3.4.9
        version: 3.4.9
      yaml:
        specifier: ^2.9.0
        version: 2.9.0

packages:

  '@aws-crypto/crc32@5.2.0':
    resolution: {integrity: sha512-nLbCWqQNgUiwwtFsen1AdzAtvuLRsQS8rYgMuxCrdKf9kOssamGLuPwyTY9wyYblNr9+1XM8v6zoDTPPSIeANg==}
    engines: {node: '>=16.0.0'}

  '@aws-crypto/crc32c@5.2.0':
    resolution: {integrity: sha512-+iWb8qaHLYKrNvGRbiYRHSdKRWhto5XlZUEBwDjYNf+ly5SVYG6zEoYIdxvf5R3zyeP16w4PLBn3rH1xc74Rag==}

  '@aws-crypto/sha1-browser@5.2.0':
    resolution: {integrity: sha512-OH6lveCFfcDjX4dbAvCFSYUjJZjDr/3XJ3xHtjn3Oj5b9RjojQo8npoLeA/bNwkOkrSQ0wgrHzXk4tDRxGKJeg==}

  '@aws-crypto/sha256-browser@5.2.0':
    resolution: {integrity: sha512-AXfN/lGotSQwu6HNcEsIASo7kWXZ5HYWvfOmSNKDsEqC4OashTp8alTmaz+F7TC2L083SFv5RdB+qU3Vs1kZqw==}

  '@aws-crypto/sha256-js@5.2.0':
    resolution: {integrity: sha512-FFQQyu7edu4ufvIZ+OadFpHHOt+eSTBaYaki44c+akjg7qZg9oOQeLlk77F6tSYqjDAFClrHJk9tMf0HdVyOvA==}
    engines: {node: '>=16.0.0'}

  '@aws-crypto/supports-web-crypto@5.2.0':
    resolution: {integrity: sha512-iAvUotm021kM33eCdNfwIN//F77/IADDSs58i+MDaOqFrVjZo9bAal0NK7HurRuWLLpF1iLX7gbWrjHjeo+YFg==}

  '@aws-crypto/util@5.2.0':
    resolution: {integrity: sha512-4RkU9EsI6ZpBve5fseQlGNUWKMa1RLPQ1dnjnQoe07ldfIzcsGb5hC5W0Dm7u423KWzawlrpbjXBrXCEv9zazQ==}

  '@aws-sdk/checksums@3.1000.7':
    resolution: {integrity: sha512-qh0fG/RtrFztst4+vn1HZehAvAhr5Jlq/WMP7e5KvvfF16oNVBc9CDNVdxdm19vzOY2x0qiDMFCRjhxQAusGWQ==}
    engines: {node: '>=20.0.0'}

  '@aws-sdk/client-s3@3.1073.0':
    resolution: {integrity: sha512-/Dvhrff0I4D2YUWSdm8uLKa1bfXdw9BMRDUME6ZeoTrrdQKQDeo2scLDjdpC5X2YdvTc/ZnUCR2HAvD7qXvS1w==}
    engines: {node: '>=20.0.0'}

  '@aws-sdk/core@3.974.22':
    resolution: {integrity: sha512-YofH63shc6YRdXjz80BJkpJW+Bkn0Cuu2dn4Rv7s9G2Idt58tgtzQEWxrR2xVljlVfIBeUjPuULnSVYLke3sUQ==}
    engines: {node: '>=20.0.0'}

  '@aws-sdk/credential-provider-env@3.972.48':
    resolution: {integrity: sha512-h6FEC95fbexUd6zxm4PdgS82bTcI2PRtUb2ZwMipb/Xr8bPwtf0G8rBo2jp7NA24Mbx2JA8/WingiYpA9RCCyw==}
    engines: {node: '>=20.0.0'}

  '@aws-sdk/credential-provider-http@3.972.50':
    resolution: {integrity: sha512-lJO3OLpjvz5m/RSBQmsG/CEUGsvCy5ruxKwPQaOCqxqCMuyYT2BZwQUTDZVVwqQ9LrZKuK24JSa6r31hL/tvkg==}
    engines: {node: '>=20.0.0'}

  '@aws-sdk/credential-provider-ini@3.972.55':
    resolution: {integrity: sha512-TBoF4buBGYhXjdZAryayY2TrkQj2B2KfE/msG4V53XCt+w0EhEwM2JRjx8p2grJ2C6gtH5++SAwEvGMRdi0yyw==}
    engines: {node: '>=20.0.0'}

  '@aws-sdk/credential-provider-login@3.972.54':
    resolution: {integrity: sha512-hBWI3wZTdTGiuMfmPts6AWbAjFfRniOQnqx68tc2cQvRKWawFbN9wkLOVPWM1FAOyowZU73mC6Fi+rHSHNyLFw==}
    engines: {node: '>=20.0.0'}

  '@aws-sdk/credential-provider-node@3.972.57':
    resolution: {integrity: sha512-u6dClpzNdWf1HGWz4wwhdXi1wiOofCLniM9S4BQQGlLAN9TW7VB+ld5V533GdKrYMaFeBGFqKnj0JCYvynLqwQ==}
    engines: {node: '>=20.0.0'}

  '@aws-sdk/credential-provider-process@3.972.48':
    resolution: {integrity: sha512-w6VZwojPt12WnEkAUy6Nu4K6sWCbBmR7QX390b0nE6vRvkXbrYr9Lq9VySGkfjiMjpUA87op+J4EgvRmtWIDoQ==}
    engines: {node: '>=20.0.0'}

  '@aws-sdk/credential-provider-sso@3.972.54':
    resolution: {integrity: sha512-23uZpIpF2SIFDCa1fcWa202tK4gGeyvX6GIIAjiB8WBsvsVRBMnJ/7dCxHzxf7eZT7GToJg837LDIBnZsl/VUg==}
    engines: {node: '>=20.0.0'}

  '@aws-sdk/credential-provider-web-identity@3.972.54':
    resolution: {integrity: sha512-0Iv5QttS6wcATlodYKgvQj6B9Db51rx7NU9fqu0PoLeS4BIgdYMc/QK4smwLwpm5RFrs02V/eLyEFp3FklvlNQ==}
    engines: {node: '>=20.0.0'}

  '@aws-sdk/middleware-flexible-checksums@3.974.32':
    resolution: {integrity: sha512-KhuzFMzUbb3oEj43CdPDbEJ/RG/RkErkmXk3J/LE8OPFNvkCn8PYPMpjOLgzAzvxBacsSyytdWf+R50q0alJ4w==}
    engines: {node: '>=20.0.0'}

  '@aws-sdk/middleware-sdk-s3@3.972.53':
    resolution: {integrity: sha512-keWp6Z5cEIJzPwoCf/WRm0ceAeephPDDivhRsK/xXs2ZYXyypJ2/DL9G1IR0bz/s+iZC0EgzmFV4r7rlvLlxQQ==}
    engines: {node: '>=20.0.0'}

  '@aws-sdk/nested-clients@3.997.22':
    resolution: {integrity: sha512-4IwtcYSxEIVw5hcp8ogq0CMbFNZFw7jJUetpfFUhFFeqsa1K8j2Ihg2hnxLyOp3stMZnXda6VzOmPi1AFZQXcg==}
    engines: {node: '>=20.0.0'}

  '@aws-sdk/signature-v4-multi-region@3.996.35':
    resolution: {integrity: sha512-6L/VWs+Wch2stHemCGTmUNqKLMzURxQDK5boNG3Jn3kAOp71meDUuS5sbObpEvFxHDq0uWeSLFDNSYsjNt+Dlg==}
    engines: {node: '>=20.0.0'}

  '@aws-sdk/token-providers@3.1071.0':
    resolution: {integrity: sha512-4LDW2Qob6LoLFuqYSYZq2AyTE9koSE9+i+n5UZcm10GpmQOK0zRD9L4uYlzItiTKksIWgC/qMFChAi3RvKYtMg==}
    engines: {node: '>=20.0.0'}

  '@aws-sdk/types@3.973.13':
    resolution: {integrity: sha512-pEHZqRkAlHfnfAU9tK+WpKv/gBNjGJrHMgA3A0iYRGyswBS2t0pfez+lWlwktb3Bqa0ovh7w/QJTFwp3fDxLNg==}
    engines: {node: '>=20.0.0'}

  '@aws-sdk/util-locate-window@3.965.8':
    resolution: {integrity: sha512-uUbMs1cBZPafD0ohUj6EwNf0fPZ534NvBxHox4hjX+0Rxq5paSYUem7+hi833pYrzrcnBATKIYpR02MDXT5M9g==}
    engines: {node: '>=20.0.0'}

  '@aws-sdk/xml-builder@3.972.30':
    resolution: {integrity: sha512-StElZPEoBquWwNqw1AcfpzEyZqJvFxouG+mpDNYlcH6ZOrqd2CuIryv+8LV8gNHZUOyKyJF3Dq9vxaXEmDR9TQ==}
    engines: {node: '>=20.0.0'}

  '@aws/lambda-invoke-store@0.2.4':
    resolution: {integrity: sha512-iY8yvjE0y651BixKNPgmv1WrQc+GZ142sb0z4gYnChDDY2YqI4P/jsSopBWrKfAt7LOJAkOXt7rC/hms+WclQQ==}
    engines: {node: '>=18.0.0'}

  '@google/generative-ai@0.24.1':
    resolution: {integrity: sha512-MqO+MLfM6kjxcKoy0p1wRzG3b4ZZXtPI+z2IE26UogS2Cm/XHO+7gGRBh6gcJsOiIVoH93UwKvW4HdgiOZCy9Q==}
    engines: {node: '>=18.0.0'}

  '@huggingface/inference@4.13.19':
    resolution: {integrity: sha512-F2Jv7kCAGsdrUCCHMcyQev3ax9XVUdeYYng9bDPffRnnph55g9n0IzeK4ILUr5zRjifCK5ZWIu7VfIn9nQWcIw==}
    engines: {node: '>=18'}

  '@huggingface/jinja@0.5.9':
    resolution: {integrity: sha512-uWTG+l3VJRsl7EXxYizuL3P+cCPoc3cRqbWWRcQN0FhejRfbdq0RNhCmbY/YDtnTcz9icdLYuLDjsnz4d8JMuw==}
    engines: {node: '>=18'}

  '@huggingface/tasks@0.21.13':
    resolution: {integrity: sha512-zW8gImE4dzConGeZdlGiLdTgb/mbFuuDdBNEe9fDsx8rv3KsG0OfDp0UY48+cYp/ZxYsBzNr890W22cKLvDLfA==}

  '@nodable/entities@2.2.0':
    resolution: {integrity: sha512-9uGyhaQavEUMC8AIddIjau4NsnsXhou+j5sBAGojCM1oxmQpVKTWR/9JxABD6UAv12vpIms55fPZKFQEhG6uBg==}

  '@smithy/core@3.25.1':
    resolution: {integrity: sha512-zpDbpXBCBsxfLtG2GEUyfgvHvSFrw5CwDZSNzL0v52gx/c3oPlPbm+7W7num8xs6vyiUBn+bvYPHcQDOXZynCQ==}
    engines: {node: '>=18.0.0'}

  '@smithy/credential-provider-imds@4.4.1':
    resolution: {integrity: sha512-TSAF5NHgxEsllbErYWbK8aLnl5L601NGc5VYJlSPsKnf3YlkhdoBN+geGcaU00oiw2OK3QO5LA3QNXiiWhCidQ==}
    engines: {node: '>=18.0.0'}

  '@smithy/fetch-http-handler@5.5.1':
    resolution: {integrity: sha512-96JrD1q71anokymx9Iblb+zKmNQYNstlV/25A9ZYIJ2A0rp1r7/GZAIm0bDWSmVvz3DpNOCZuabzsiL+w0UHhw==}
    engines: {node: '>=18.0.0'}

  '@smithy/is-array-buffer@2.2.0':
    resolution: {integrity: sha512-GGP3O9QFD24uGeAXYUjwSTXARoqpZykHadOmA8G5vfJPK0/DC67qa//0qvqrJzL1xc8WQWX7/yc7fwudjPHPhA==}
    engines: {node: '>=14.0.0'}

  '@smithy/node-http-handler@4.8.1':
    resolution: {integrity: sha512-emtXvoky671puri18ETf64AFIQUGIEA093F2drXpBgB0OGnBLjcwNR3CA2mYu62IAqNsS56xa5lnTxAgPq7cjw==}
    engines: {node: '>=18.0.0'}

  '@smithy/signature-v4@5.5.1':
    resolution: {integrity: sha512-X9rVls3En0z3NtrmguTmpRM0/NqtWUxBjal6fcAkwtsub+gOdLZ6kD+V7xhUgFMGdG14bHbZ7M5QjaRI1+DatQ==}
    engines: {node: '>=18.0.0'}

  '@smithy/types@4.15.0':
    resolution: {integrity: sha512-Z5TAOxygoFvybJV3igo5SloFflSokHx2hu1eFA+DxDTcn+FtKxUSui+rbTRG1pAafMA888Z3MVvCWUuvCrTXjg==}
    engines: {node: '>=18.0.0'}

  '@smithy/util-buffer-from@2.2.0':
    resolution: {integrity: sha512-IJdWBbTcMQ6DA0gdNhh/BwrLkDR+ADW5Kr1aZmd4k3DIF6ezMV4R2NIAmT08wQJ3yUK82thHWmC/TnK/wpMMIA==}
    engines: {node: '>=14.0.0'}

  '@smithy/util-utf8@2.3.0':
    resolution: {integrity: sha512-R8Rdn8Hy72KKcebgLiv8jQcQkXoLMOGGv5uI1/k0l+snqkOzQ1R0ChUBCxWMlBsFMekWjq0wRudIweFs7sKT5A==}
    engines: {node: '>=14.0.0'}

  anynum@1.0.1:
    resolution: {integrity: sha512-N6//FLET/tXYNM/F6ABca1oH6fWB+KlTt909Le28WMDBk8oaT4vY17DCrwg2MvmuqUKt3Ni4N5dGJ/EoBgcO6A==}

  argparse@2.0.1:
    resolution: {integrity: sha512-8+9WqebbFzpX9OR+Wa6O29asIogeRMzcGtAINdpMHHyAg10f05aSFVBbcEqGf/PXw1EjAZ+q2/bEBg3DvurK3Q==}

  bowser@2.14.1:
    resolution: {integrity: sha512-tzPjzCxygAKWFOJP011oxFHs57HzIhOEracIgAePE4pqB3LikALKnSzUyU4MGs9/iCEUuHlAJTjTc5M+u7YEGg==}

  dotenv@17.4.1:
    resolution: {integrity: sha512-k8DaKGP6r1G30Lx8V4+pCsLzKr8vLmV2paqEj1Y55GdAgJuIqpRp5FfajGF8KtwMxCz9qJc6wUIJnm053d/WCw==}
    engines: {node: '>=12'}

  fast-xml-builder@1.2.0:
    resolution: {integrity: sha512-00aAWieqff+ZJhsXA4g1g7M8k+7AYoMUUHF+/zFb5U6Uv/P0Vl4QZo84/IcufzYalLuEj9928bXN9PbbFzMF0Q==}

  fast-xml-parser@5.7.3:
    resolution: {integrity: sha512-C0AaNuC+mscy6vrAQKAc/rMq+zAPHodfHGZu4sGVehvAQt/JLG1O5zEcYcXSY5zSqr4YVgxsB+pHXTq0i7eDlg==}
    hasBin: true

  fsevents@2.3.2:
    resolution: {integrity: sha512-xiqMQR4xAeHTuB9uWm+fFRcIOgKBMiOBP+eXiyT7jsgVCq1bkVygt00oASowB7EdtpOHaaPgKt812P9ab+DDKA==}
    engines: {node: ^8.16.0 || ^10.6.0 || >=11.0.0}
    os: [darwin]

  js-yaml@5.2.1:
    resolution: {integrity: sha512-zfLtNfQqxVqq3uaTqSkh4x4hZw3KHobGUA0fJUj4wawW8bsQLTVqpHdXSIzidh7o+4lEW36tANuAGdaFx6Zgnw==}
    hasBin: true

  path-expression-matcher@1.5.0:
    resolution: {integrity: sha512-cbrerZV+6rvdQrrD+iGMcZFEiiSrbv9Tfdkvnusy6y0x0GKBXREFg/Y65GhIfm0tnLntThhzCnfKwp1WRjeCyQ==}
    engines: {node: '>=14.0.0'}

  playwright-core@1.61.0:
    resolution: {integrity: sha512-caX7TrY3Ml6egyDX0WUcTHDxodl/b51y5wJOdCEA36QviK/s2g081hvmGs8eaE3DWb6NYZQ6BjO/QkNRPenoPA==}
    engines: {node: '>=18'}
    hasBin: true

  playwright@1.61.0:
    resolution: {integrity: sha512-Z+7BeeqQPRRzklHsVFP4KTGIyMxKUmfeRA4WisM6G3/XW6nwGeX6fX9qYaDa+CiUqpOkb2f6X3nar05R3kSuJQ==}
    engines: {node: '>=18'}
    hasBin: true

  postgres@3.4.9:
    resolution: {integrity: sha512-GD3qdB0x1z9xgFI6cdRD6xu2Sp2WCOEoe3mtnyB5Ee0XrrL5Pe+e4CCnJrRMnL1zYtRDZmQQVbvOttLnKDLnaw==}
    engines: {node: '>=12'}

  strnum@2.4.1:
    resolution: {integrity: sha512-M9eUSMT2dCB2cTNPG7UYj6KuK7RJR2SN2+yCV/fTW3xzTCS6EaGZ5pSMgDIjB7r8zSfTGk+dvvn9rTjpVS9Mwg==}

  tslib@2.8.1:
    resolution: {integrity: sha512-oJFu94HQb+KVduSUQL7wnpmqnfmLsOA/nAh6b6EH0wCEoK0/mPeXU6c3wKDV83MkOuHPRHtSXKKU99IBazS/2w==}

  xml-naming@0.1.0:
    resolution: {integrity: sha512-k8KO9hrMyNk6tUWqUfkTEZbezRRpONVOzUTnc97VnCvyj6Tf9lyUR9EDAIeiVLv56jsMcoXEwjW8Kv5yPY52lw==}
    engines: {node: '>=16.0.0'}

  yaml@2.9.0:
    resolution: {integrity: sha512-2AvhNX3mb8zd6Zy7INTtSpl1F15HW6Wnqj0srWlkKLcpYl/gMIMJiyuGq2KeI2YFxUPjdlB+3Lc10seMLtL4cA==}
    engines: {node: '>= 14.6'}
    hasBin: true

snapshots:

  '@aws-crypto/crc32@5.2.0':
    dependencies:
      '@aws-crypto/util': 5.2.0
      '@aws-sdk/types': 3.973.13
      tslib: 2.8.1

  '@aws-crypto/crc32c@5.2.0':
    dependencies:
      '@aws-crypto/util': 5.2.0
      '@aws-sdk/types': 3.973.13
      tslib: 2.8.1

  '@aws-crypto/sha1-browser@5.2.0':
    dependencies:
      '@aws-crypto/supports-web-crypto': 5.2.0
      '@aws-crypto/util': 5.2.0
      '@aws-sdk/types': 3.973.13
      '@aws-sdk/util-locate-window': 3.965.8
      '@smithy/util-utf8': 2.3.0
      tslib: 2.8.1

  '@aws-crypto/sha256-browser@5.2.0':
    dependencies:
      '@aws-crypto/sha256-js': 5.2.0
      '@aws-crypto/supports-web-crypto': 5.2.0
      '@aws-crypto/util': 5.2.0
      '@aws-sdk/types': 3.973.13
      '@aws-sdk/util-locate-window': 3.965.8
      '@smithy/util-utf8': 2.3.0
      tslib: 2.8.1

  '@aws-crypto/sha256-js@5.2.0':
    dependencies:
      '@aws-crypto/util': 5.2.0
      '@aws-sdk/types': 3.973.13
      tslib: 2.8.1

  '@aws-crypto/supports-web-crypto@5.2.0':
    dependencies:
      tslib: 2.8.1

  '@aws-crypto/util@5.2.0':
    dependencies:
      '@aws-sdk/types': 3.973.13
      '@smithy/util-utf8': 2.3.0
      tslib: 2.8.1

  '@aws-sdk/checksums@3.1000.7':
    dependencies:
      '@aws-crypto/crc32': 5.2.0
      '@aws-crypto/crc32c': 5.2.0
      '@aws-crypto/util': 5.2.0
      '@aws-sdk/core': 3.974.22
      '@aws-sdk/types': 3.973.13
      '@smithy/core': 3.25.1
      '@smithy/types': 4.15.0
      tslib: 2.8.1

  '@aws-sdk/client-s3@3.1073.0':
    dependencies:
      '@aws-crypto/sha1-browser': 5.2.0
      '@aws-crypto/sha256-browser': 5.2.0
      '@aws-crypto/sha256-js': 5.2.0
      '@aws-sdk/core': 3.974.22
      '@aws-sdk/credential-provider-node': 3.972.57
      '@aws-sdk/middleware-flexible-checksums': 3.974.32
      '@aws-sdk/middleware-sdk-s3': 3.972.53
      '@aws-sdk/signature-v4-multi-region': 3.996.35
      '@aws-sdk/types': 3.973.13
      '@smithy/core': 3.25.1
      '@smithy/fetch-http-handler': 5.5.1
      '@smithy/node-http-handler': 4.8.1
      '@smithy/types': 4.15.0
      tslib: 2.8.1

  '@aws-sdk/core@3.974.22':
    dependencies:
      '@aws-sdk/types': 3.973.13
      '@aws-sdk/xml-builder': 3.972.30
      '@aws/lambda-invoke-store': 0.2.4
      '@smithy/core': 3.25.1
      '@smithy/signature-v4': 5.5.1
      '@smithy/types': 4.15.0
      bowser: 2.14.1
      tslib: 2.8.1

  '@aws-sdk/credential-provider-env@3.972.48':
    dependencies:
      '@aws-sdk/core': 3.974.22
      '@aws-sdk/types': 3.973.13
      '@smithy/core': 3.25.1
      '@smithy/types': 4.15.0
      tslib: 2.8.1

  '@aws-sdk/credential-provider-http@3.972.50':
    dependencies:
      '@aws-sdk/core': 3.974.22
      '@aws-sdk/types': 3.973.13
      '@smithy/core': 3.25.1
      '@smithy/fetch-http-handler': 5.5.1
      '@smithy/node-http-handler': 4.8.1
      '@smithy/types': 4.15.0
      tslib: 2.8.1

  '@aws-sdk/credential-provider-ini@3.972.55':
    dependencies:
      '@aws-sdk/core': 3.974.22
      '@aws-sdk/credential-provider-env': 3.972.48
      '@aws-sdk/credential-provider-http': 3.972.50
      '@aws-sdk/credential-provider-login': 3.972.54
      '@aws-sdk/credential-provider-process': 3.972.48
      '@aws-sdk/credential-provider-sso': 3.972.54
      '@aws-sdk/credential-provider-web-identity': 3.972.54
      '@aws-sdk/nested-clients': 3.997.22
      '@aws-sdk/types': 3.973.13
      '@smithy/core': 3.25.1
      '@smithy/credential-provider-imds': 4.4.1
      '@smithy/types': 4.15.0
      tslib: 2.8.1

  '@aws-sdk/credential-provider-login@3.972.54':
    dependencies:
      '@aws-sdk/core': 3.974.22
      '@aws-sdk/nested-clients': 3.997.22
      '@aws-sdk/types': 3.973.13
      '@smithy/core': 3.25.1
      '@smithy/types': 4.15.0
      tslib: 2.8.1

  '@aws-sdk/credential-provider-node@3.972.57':
    dependencies:
      '@aws-sdk/credential-provider-env': 3.972.48
      '@aws-sdk/credential-provider-http': 3.972.50
      '@aws-sdk/credential-provider-ini': 3.972.55
      '@aws-sdk/credential-provider-process': 3.972.48
      '@aws-sdk/credential-provider-sso': 3.972.54
      '@aws-sdk/credential-provider-web-identity': 3.972.54
      '@aws-sdk/types': 3.973.13
      '@smithy/core': 3.25.1
      '@smithy/credential-provider-imds': 4.4.1
      '@smithy/types': 4.15.0
      tslib: 2.8.1

  '@aws-sdk/credential-provider-process@3.972.48':
    dependencies:
      '@aws-sdk/core': 3.974.22
      '@aws-sdk/types': 3.973.13
      '@smithy/core': 3.25.1
      '@smithy/types': 4.15.0
      tslib: 2.8.1

  '@aws-sdk/credential-provider-sso@3.972.54':
    dependencies:
      '@aws-sdk/core': 3.974.22
      '@aws-sdk/nested-clients': 3.997.22
      '@aws-sdk/token-providers': 3.1071.0
      '@aws-sdk/types': 3.973.13
      '@smithy/core': 3.25.1
      '@smithy/types': 4.15.0
      tslib: 2.8.1

  '@aws-sdk/credential-provider-web-identity@3.972.54':
    dependencies:
      '@aws-sdk/core': 3.974.22
      '@aws-sdk/nested-clients': 3.997.22
      '@aws-sdk/types': 3.973.13
      '@smithy/core': 3.25.1
      '@smithy/types': 4.15.0
      tslib: 2.8.1

  '@aws-sdk/middleware-flexible-checksums@3.974.32':
    dependencies:
      '@aws-sdk/checksums': 3.1000.7
      tslib: 2.8.1

  '@aws-sdk/middleware-sdk-s3@3.972.53':
    dependencies:
      '@aws-sdk/core': 3.974.22
      '@aws-sdk/signature-v4-multi-region': 3.996.35
      '@aws-sdk/types': 3.973.13
      '@smithy/core': 3.25.1
      '@smithy/types': 4.15.0
      tslib: 2.8.1

  '@aws-sdk/nested-clients@3.997.22':
    dependencies:
      '@aws-crypto/sha256-browser': 5.2.0
      '@aws-crypto/sha256-js': 5.2.0
      '@aws-sdk/core': 3.974.22
      '@aws-sdk/signature-v4-multi-region': 3.996.35
      '@aws-sdk/types': 3.973.13
      '@smithy/core': 3.25.1
      '@smithy/fetch-http-handler': 5.5.1
      '@smithy/node-http-handler': 4.8.1
      '@smithy/types': 4.15.0
      tslib: 2.8.1

  '@aws-sdk/signature-v4-multi-region@3.996.35':
    dependencies:
      '@aws-sdk/types': 3.973.13
      '@smithy/signature-v4': 5.5.1
      '@smithy/types': 4.15.0
      tslib: 2.8.1

  '@aws-sdk/token-providers@3.1071.0':
    dependencies:
      '@aws-sdk/core': 3.974.22
      '@aws-sdk/nested-clients': 3.997.22
      '@aws-sdk/types': 3.973.13
      '@smithy/core': 3.25.1
      '@smithy/types': 4.15.0
      tslib: 2.8.1

  '@aws-sdk/types@3.973.13':
    dependencies:
      '@smithy/types': 4.15.0
      tslib: 2.8.1

  '@aws-sdk/util-locate-window@3.965.8':
    dependencies:
      tslib: 2.8.1

  '@aws-sdk/xml-builder@3.972.30':
    dependencies:
      '@smithy/types': 4.15.0
      fast-xml-parser: 5.7.3
      tslib: 2.8.1

  '@aws/lambda-invoke-store@0.2.4': {}

  '@google/generative-ai@0.24.1': {}

  '@huggingface/inference@4.13.19':
    dependencies:
      '@huggingface/jinja': 0.5.9
      '@huggingface/tasks': 0.21.13

  '@huggingface/jinja@0.5.9': {}

  '@huggingface/tasks@0.21.13': {}

  '@nodable/entities@2.2.0': {}

  '@smithy/core@3.25.1':
    dependencies:
      '@aws-crypto/crc32': 5.2.0
      '@smithy/types': 4.15.0
      tslib: 2.8.1

  '@smithy/credential-provider-imds@4.4.1':
    dependencies:
      '@smithy/core': 3.25.1
      '@smithy/types': 4.15.0
      tslib: 2.8.1

  '@smithy/fetch-http-handler@5.5.1':
    dependencies:
      '@smithy/core': 3.25.1
      '@smithy/types': 4.15.0
      tslib: 2.8.1

  '@smithy/is-array-buffer@2.2.0':
    dependencies:
      tslib: 2.8.1

  '@smithy/node-http-handler@4.8.1':
    dependencies:
      '@smithy/core': 3.25.1
      '@smithy/types': 4.15.0
      tslib: 2.8.1

  '@smithy/signature-v4@5.5.1':
    dependencies:
      '@smithy/core': 3.25.1
      '@smithy/types': 4.15.0
      tslib: 2.8.1

  '@smithy/types@4.15.0':
    dependencies:
      tslib: 2.8.1

  '@smithy/util-buffer-from@2.2.0':
    dependencies:
      '@smithy/is-array-buffer': 2.2.0
      tslib: 2.8.1

  '@smithy/util-utf8@2.3.0':
    dependencies:
      '@smithy/util-buffer-from': 2.2.0
      tslib: 2.8.1

  anynum@1.0.1: {}

  argparse@2.0.1: {}

  bowser@2.14.1: {}

  dotenv@17.4.1: {}

  fast-xml-builder@1.2.0:
    dependencies:
      path-expression-matcher: 1.5.0
      xml-naming: 0.1.0

  fast-xml-parser@5.7.3:
    dependencies:
      '@nodable/entities': 2.2.0
      fast-xml-builder: 1.2.0
      path-expression-matcher: 1.5.0
      strnum: 2.4.1

  fsevents@2.3.2:
    optional: true

  js-yaml@5.2.1:
    dependencies:
      argparse: 2.0.1

  path-expression-matcher@1.5.0: {}

  playwright-core@1.61.0: {}

  playwright@1.61.0:
    dependencies:
      playwright-core: 1.61.0
    optionalDependencies:
      fsevents: 2.3.2

  postgres@3.4.9: {}

  strnum@2.4.1:
    dependencies:
      anynum: 1.0.1

  tslib@2.8.1: {}

  xml-naming@0.1.0: {}

  yaml@2.9.0: {}
