lockfileVersion: '9.0'

settings:
  autoInstallPeers: true
  excludeLinksFromLockfile: false

importers:

  .:
    dependencies:
      '@aws-sdk/client-s3':
        specifier: ^3.1078.0
        version: 3.1078.0
      '@google/generative-ai':
        specifier: ^0.24.1
        version: 0.24.1
      '@huggingface/inference':
        specifier: ^4.13.19
        version: 4.13.19
      dotenv:
        specifier: ^17.0.0
        version: 17.4.1
      js-yaml:
        specifier: ^4.1.1
        version: 4.1.1
      playwright:
        specifier: 1.61.0
        version: 1.61.0
      postgres:
        specifier: ^3.4.9
        version: 3.4.9
      yaml:
        specifier: ^2.9.0
        version: 2.9.0

packages:

  '@aws-sdk/checksums@3.1000.11':
    resolution: {integrity: sha512-nW5kNBJBwVxkvBqygBYksS8WUFDO8Ad8OSfsVa+f5KFRRTrHL1rnWZNsWBwc5fC9YvZbET/57+X4hym/jKfV+g==}
    engines: {node: '>=20.0.0'}

  '@aws-sdk/client-s3@3.1078.0':
    resolution: {integrity: sha512-uQMPma3CzTXPKrRfTkhdKLfXocGoEJwBePcI/ca9iWF+re2gbFSDVV9EIcOrK8ke1OV3Jw4ejNmfmgRVlI5b9A==}
    engines: {node: '>=20.0.0'}

  '@aws-sdk/core@3.974.26':
    resolution: {integrity: sha512-wRj7Pthvjk3anees97pUWlxlTa0DUjeGrEQU5fKDZVdWZV0ekaprbof0df2uaE9g8u67t035v2j+ne2AW2UMkA==}
    engines: {node: '>=20.0.0'}

  '@aws-sdk/credential-provider-env@3.972.52':
    resolution: {integrity: sha512-sxuaHZGHqOgKB8OdL3doXa1NJjqmO60FPfyTnYVKGjX9taRsIEGS9pd+2yALmo06hijZ8L94uSK0kfXZsRmVyA==}
    engines: {node: '>=20.0.0'}

  '@aws-sdk/credential-provider-http@3.972.54':
    resolution: {integrity: sha512-e6yz52nq3SpR1oPLcvfsDM7H7k2gIYk/NSn/rwsFqzGXEwr3g0mRMlPbLaKCPCGNZJMU/gZg6/64B3eSam+gBw==}
    engines: {node: '>=20.0.0'}

  '@aws-sdk/credential-provider-ini@3.972.59':
    resolution: {integrity: sha512-9Um/UpruN76AdpiLnvwChVkJJwJ9Vx9ykk/2AeLxxSCM/YYRD8Kkq2towUk9fZQLV7dd9ATlsi87U7hKs0z/iQ==}
    engines: {node: '>=20.0.0'}

  '@aws-sdk/credential-provider-login@3.972.58':
    resolution: {integrity: sha512-H3q96qF8/DJsPsXMVtMRqSWOc85K5O4zos32untdw+vE5vw0f3a6qJo1YqbND4BsEIKd4iZmzzVUq9kV4LjbHg==}
    engines: {node: '>=20.0.0'}

  '@aws-sdk/credential-provider-node@3.972.61':
    resolution: {integrity: sha512-2U2KHMRCt1dlZoLU3KZR5g5EL4b0h2HHw96SkaUBK7qvEXPZj5rGRO/3ZTeJmh37dIYQuCnA2273rZOQvmsiHw==}
    engines: {node: '>=20.0.0'}

  '@aws-sdk/credential-provider-process@3.972.52':
    resolution: {integrity: sha512-Aff9Ebs42lz+Ep1wkS+Nlwh5S0eahakpyskPsuKGjiBJ6ExOjNtxbfKJTKovQtQNgJ7oG1BH6esJwGrbs7qgSA==}
    engines: {node: '>=20.0.0'}

  '@aws-sdk/credential-provider-sso@3.972.58':
    resolution: {integrity: sha512-syloC58mXOacUqM2toPNfwd7X3jT+tWj0F/cN7qdW1FQyI0q41J0tPf6DIZ56BF0x82iS9j3ALP45MoBz79YuQ==}
    engines: {node: '>=20.0.0'}

  '@aws-sdk/credential-provider-web-identity@3.972.58':
    resolution: {integrity: sha512-pTBImKzcGK+pcMKjL0fAJbnYzzYd1c0UDc7BSIOGNQhF9Nuk66vWlIXfYTYyzNSs+w8Q/vfbbNDDU8zdrouwLg==}
    engines: {node: '>=20.0.0'}

  '@aws-sdk/middleware-sdk-s3@3.972.57':
    resolution: {integrity: sha512-E7tRmmUb64LlsoI6pZZRTov21K74Fr/MVgYBeNFfBkFzpF8e2tuJkKd4YGmcNwz0UjDs8fMoS0v/MGgHASIx+Q==}
    engines: {node: '>=20.0.0'}

  '@aws-sdk/nested-clients@3.997.26':
    resolution: {integrity: sha512-Lwe3F6K7bs+jEubp1LbrvzeMBYb5fMazJ1IxV9TtKWPF8CSh67Fmwyq9fLz3NL/k55Dfpuph5Dimw76JFgr+SA==}
    engines: {node: '>=20.0.0'}

  '@aws-sdk/signature-v4-multi-region@3.996.38':
    resolution: {integrity: sha512-C379Sk+MiFZCfWZphKlMyLHKxV22OjoGM5KJjj5IJNJcOCWL4IGIpnEGzv1FQiRwhYXfq55SJMfxlqPE08JJ9g==}
    engines: {node: '>=20.0.0'}

  '@aws-sdk/token-providers@3.1078.0':
    resolution: {integrity: sha512-/uyXLBGu3Lw1GbBA2X66hcOMnKtMcqAIF+3/eHfxBQmUeXF2sdqozDPrTfEr/TnSd0D6deZar+eVyhEqqWu29w==}
    engines: {node: '>=20.0.0'}

  '@aws-sdk/types@3.973.15':
    resolution: {integrity: sha512-IULn8uBV/SMtmOIANsm4WHXIOtVPBWfOWs3WGL0j/sI+KhaYehvOw0ET+9urnn8MBpiijuU/0JOpuwKOE451PQ==}
    engines: {node: '>=20.0.0'}

  '@aws-sdk/xml-builder@3.972.33':
    resolution: {integrity: sha512-ezbwz9WpuLctm6o7P2t2naDhVVPI5jFGrVefVybhcKGjU57VIyT46pQVO0RI2RYkUdhdj2Z9uSIlAzGZE9NW9A==}
    engines: {node: '>=20.0.0'}

  '@aws/lambda-invoke-store@0.2.4':
    resolution: {integrity: sha512-iY8yvjE0y651BixKNPgmv1WrQc+GZ142sb0z4gYnChDDY2YqI4P/jsSopBWrKfAt7LOJAkOXt7rC/hms+WclQQ==}
    engines: {node: '>=18.0.0'}

  '@google/generative-ai@0.24.1':
    resolution: {integrity: sha512-MqO+MLfM6kjxcKoy0p1wRzG3b4ZZXtPI+z2IE26UogS2Cm/XHO+7gGRBh6gcJsOiIVoH93UwKvW4HdgiOZCy9Q==}
    engines: {node: '>=18.0.0'}

  '@huggingface/inference@4.13.19':
    resolution: {integrity: sha512-F2Jv7kCAGsdrUCCHMcyQev3ax9XVUdeYYng9bDPffRnnph55g9n0IzeK4ILUr5zRjifCK5ZWIu7VfIn9nQWcIw==}
    engines: {node: '>=18'}

  '@huggingface/jinja@0.5.9':
    resolution: {integrity: sha512-uWTG+l3VJRsl7EXxYizuL3P+cCPoc3cRqbWWRcQN0FhejRfbdq0RNhCmbY/YDtnTcz9icdLYuLDjsnz4d8JMuw==}
    engines: {node: '>=18'}

  '@huggingface/tasks@0.21.13':
    resolution: {integrity: sha512-zW8gImE4dzConGeZdlGiLdTgb/mbFuuDdBNEe9fDsx8rv3KsG0OfDp0UY48+cYp/ZxYsBzNr890W22cKLvDLfA==}

  '@smithy/core@3.29.0':
    resolution: {integrity: sha512-sEvpvkBVoMxjoek35XyJFn2ZD3EJ1RpiZrT47WaZodxzAIWS44zkdvbqGE/ZlugtjiQp62cffYZ9ldyRkjAGnA==}
    engines: {node: '>=18.0.0'}

  '@smithy/credential-provider-imds@4.4.5':
    resolution: {integrity: sha512-LnjUTNG0GgQlKIq7IioeOrPaEmC5xOd1WtAz24TLSiYQnWX2uHr53GrFuQhkrJBktPYCMga/NbUOW7hFbSA2Cg==}
    engines: {node: '>=18.0.0'}

  '@smithy/fetch-http-handler@5.6.2':
    resolution: {integrity: sha512-q96PSDOAGw+X+nuELd7Cjebps0SYr+YlPbviEX9sLVw+VM4M7VV8hn1nL1mGS6urDu33eQ5A7WhlphaDO6kUyQ==}
    engines: {node: '>=18.0.0'}

  '@smithy/node-http-handler@4.9.2':
    resolution: {integrity: sha512-s0yAIRj6TVfHgl+QzVyqal1KMGZ9B5512IrxKc6+dOpw8fUmFL3CvuAhjv0J+aNjUPfVZ2IhqPEDvkB5Ncx9oA==}
    engines: {node: '>=18.0.0'}

  '@smithy/signature-v4@5.6.1':
    resolution: {integrity: sha512-SqvuP75p/DmgWWI7jv4kf/UW+V4LFmlUn19s604SgAcRuJRB1vDnWwzZMYCLUcmKxko9wDn6iLgGEIpTNgZbIQ==}
    engines: {node: '>=18.0.0'}

  '@smithy/types@4.15.1':
    resolution: {integrity: sha512-x3L0XSACF6UYzKpa9biqiRMgvH5+wnFFew9Tm/grFYqgaupPwx/+ojDPpPJM8dZON3S9tjz5U+PQYsCBd1Mw5Q==}
    engines: {node: '>=18.0.0'}

  argparse@2.0.1:
    resolution: {integrity: sha512-8+9WqebbFzpX9OR+Wa6O29asIogeRMzcGtAINdpMHHyAg10f05aSFVBbcEqGf/PXw1EjAZ+q2/bEBg3DvurK3Q==}

  bowser@2.14.1:
    resolution: {integrity: sha512-tzPjzCxygAKWFOJP011oxFHs57HzIhOEracIgAePE4pqB3LikALKnSzUyU4MGs9/iCEUuHlAJTjTc5M+u7YEGg==}

  dotenv@17.4.1:
    resolution: {integrity: sha512-k8DaKGP6r1G30Lx8V4+pCsLzKr8vLmV2paqEj1Y55GdAgJuIqpRp5FfajGF8KtwMxCz9qJc6wUIJnm053d/WCw==}
    engines: {node: '>=12'}

  fsevents@2.3.2:
    resolution: {integrity: sha512-xiqMQR4xAeHTuB9uWm+fFRcIOgKBMiOBP+eXiyT7jsgVCq1bkVygt00oASowB7EdtpOHaaPgKt812P9ab+DDKA==}
    engines: {node: ^8.16.0 || ^10.6.0 || >=11.0.0}
    os: [darwin]

  js-yaml@4.1.1:
    resolution: {integrity: sha512-qQKT4zQxXl8lLwBtHMWwaTcGfFOZviOJet3Oy/xmGk2gZH677CJM9EvtfdSkgWcATZhj/55JZ0rmy3myCT5lsA==}
    hasBin: true

  playwright-core@1.61.0:
    resolution: {integrity: sha512-caX7TrY3Ml6egyDX0WUcTHDxodl/b51y5wJOdCEA36QviK/s2g081hvmGs8eaE3DWb6NYZQ6BjO/QkNRPenoPA==}
    engines: {node: '>=18'}
    hasBin: true

  playwright@1.61.0:
    resolution: {integrity: sha512-Z+7BeeqQPRRzklHsVFP4KTGIyMxKUmfeRA4WisM6G3/XW6nwGeX6fX9qYaDa+CiUqpOkb2f6X3nar05R3kSuJQ==}
    engines: {node: '>=18'}
    hasBin: true

  postgres@3.4.9:
    resolution: {integrity: sha512-GD3qdB0x1z9xgFI6cdRD6xu2Sp2WCOEoe3mtnyB5Ee0XrrL5Pe+e4CCnJrRMnL1zYtRDZmQQVbvOttLnKDLnaw==}
    engines: {node: '>=12'}

  tslib@2.8.1:
    resolution: {integrity: sha512-oJFu94HQb+KVduSUQL7wnpmqnfmLsOA/nAh6b6EH0wCEoK0/mPeXU6c3wKDV83MkOuHPRHtSXKKU99IBazS/2w==}

  yaml@2.9.0:
    resolution: {integrity: sha512-2AvhNX3mb8zd6Zy7INTtSpl1F15HW6Wnqj0srWlkKLcpYl/gMIMJiyuGq2KeI2YFxUPjdlB+3Lc10seMLtL4cA==}
    engines: {node: '>= 14.6'}
    hasBin: true

snapshots:

  '@aws-sdk/checksums@3.1000.11':
    dependencies:
      '@aws-sdk/core': 3.974.26
      '@aws-sdk/types': 3.973.15
      '@smithy/core': 3.29.0
      '@smithy/types': 4.15.1
      tslib: 2.8.1

  '@aws-sdk/client-s3@3.1078.0':
    dependencies:
      '@aws-sdk/checksums': 3.1000.11
      '@aws-sdk/core': 3.974.26
      '@aws-sdk/credential-provider-node': 3.972.61
      '@aws-sdk/middleware-sdk-s3': 3.972.57
      '@aws-sdk/signature-v4-multi-region': 3.996.38
      '@aws-sdk/types': 3.973.15
      '@smithy/core': 3.29.0
      '@smithy/fetch-http-handler': 5.6.2
      '@smithy/node-http-handler': 4.9.2
      '@smithy/types': 4.15.1
      tslib: 2.8.1

  '@aws-sdk/core@3.974.26':
    dependencies:
      '@aws-sdk/types': 3.973.15
      '@aws-sdk/xml-builder': 3.972.33
      '@aws/lambda-invoke-store': 0.2.4
      '@smithy/core': 3.29.0
      '@smithy/signature-v4': 5.6.1
      '@smithy/types': 4.15.1
      bowser: 2.14.1
      tslib: 2.8.1

  '@aws-sdk/credential-provider-env@3.972.52':
    dependencies:
      '@aws-sdk/core': 3.974.26
      '@aws-sdk/types': 3.973.15
      '@smithy/core': 3.29.0
      '@smithy/types': 4.15.1
      tslib: 2.8.1

  '@aws-sdk/credential-provider-http@3.972.54':
    dependencies:
      '@aws-sdk/core': 3.974.26
      '@aws-sdk/types': 3.973.15
      '@smithy/core': 3.29.0
      '@smithy/fetch-http-handler': 5.6.2
      '@smithy/node-http-handler': 4.9.2
      '@smithy/types': 4.15.1
      tslib: 2.8.1

  '@aws-sdk/credential-provider-ini@3.972.59':
    dependencies:
      '@aws-sdk/core': 3.974.26
      '@aws-sdk/credential-provider-env': 3.972.52
      '@aws-sdk/credential-provider-http': 3.972.54
      '@aws-sdk/credential-provider-login': 3.972.58
      '@aws-sdk/credential-provider-process': 3.972.52
      '@aws-sdk/credential-provider-sso': 3.972.58
      '@aws-sdk/credential-provider-web-identity': 3.972.58
      '@aws-sdk/nested-clients': 3.997.26
      '@aws-sdk/types': 3.973.15
      '@smithy/core': 3.29.0
      '@smithy/credential-provider-imds': 4.4.5
      '@smithy/types': 4.15.1
      tslib: 2.8.1

  '@aws-sdk/credential-provider-login@3.972.58':
    dependencies:
      '@aws-sdk/core': 3.974.26
      '@aws-sdk/nested-clients': 3.997.26
      '@aws-sdk/types': 3.973.15
      '@smithy/core': 3.29.0
      '@smithy/types': 4.15.1
      tslib: 2.8.1

  '@aws-sdk/credential-provider-node@3.972.61':
    dependencies:
      '@aws-sdk/credential-provider-env': 3.972.52
      '@aws-sdk/credential-provider-http': 3.972.54
      '@aws-sdk/credential-provider-ini': 3.972.59
      '@aws-sdk/credential-provider-process': 3.972.52
      '@aws-sdk/credential-provider-sso': 3.972.58
      '@aws-sdk/credential-provider-web-identity': 3.972.58
      '@aws-sdk/types': 3.973.15
      '@smithy/core': 3.29.0
      '@smithy/credential-provider-imds': 4.4.5
      '@smithy/types': 4.15.1
      tslib: 2.8.1

  '@aws-sdk/credential-provider-process@3.972.52':
    dependencies:
      '@aws-sdk/core': 3.974.26
      '@aws-sdk/types': 3.973.15
      '@smithy/core': 3.29.0
      '@smithy/types': 4.15.1
      tslib: 2.8.1

  '@aws-sdk/credential-provider-sso@3.972.58':
    dependencies:
      '@aws-sdk/core': 3.974.26
      '@aws-sdk/nested-clients': 3.997.26
      '@aws-sdk/token-providers': 3.1078.0
      '@aws-sdk/types': 3.973.15
      '@smithy/core': 3.29.0
      '@smithy/types': 4.15.1
      tslib: 2.8.1

  '@aws-sdk/credential-provider-web-identity@3.972.58':
    dependencies:
      '@aws-sdk/core': 3.974.26
      '@aws-sdk/nested-clients': 3.997.26
      '@aws-sdk/types': 3.973.15
      '@smithy/core': 3.29.0
      '@smithy/types': 4.15.1
      tslib: 2.8.1

  '@aws-sdk/middleware-sdk-s3@3.972.57':
    dependencies:
      '@aws-sdk/core': 3.974.26
      '@aws-sdk/signature-v4-multi-region': 3.996.38
      '@aws-sdk/types': 3.973.15
      '@smithy/core': 3.29.0
      '@smithy/types': 4.15.1
      tslib: 2.8.1

  '@aws-sdk/nested-clients@3.997.26':
    dependencies:
      '@aws-sdk/core': 3.974.26
      '@aws-sdk/signature-v4-multi-region': 3.996.38
      '@aws-sdk/types': 3.973.15
      '@smithy/core': 3.29.0
      '@smithy/fetch-http-handler': 5.6.2
      '@smithy/node-http-handler': 4.9.2
      '@smithy/types': 4.15.1
      tslib: 2.8.1

  '@aws-sdk/signature-v4-multi-region@3.996.38':
    dependencies:
      '@aws-sdk/types': 3.973.15
      '@smithy/signature-v4': 5.6.1
      '@smithy/types': 4.15.1
      tslib: 2.8.1

  '@aws-sdk/token-providers@3.1078.0':
    dependencies:
      '@aws-sdk/core': 3.974.26
      '@aws-sdk/nested-clients': 3.997.26
      '@aws-sdk/types': 3.973.15
      '@smithy/core': 3.29.0
      '@smithy/types': 4.15.1
      tslib: 2.8.1

  '@aws-sdk/types@3.973.15':
    dependencies:
      '@smithy/types': 4.15.1
      tslib: 2.8.1

  '@aws-sdk/xml-builder@3.972.33':
    dependencies:
      '@smithy/types': 4.15.1
      tslib: 2.8.1

  '@aws/lambda-invoke-store@0.2.4': {}

  '@google/generative-ai@0.24.1': {}

  '@huggingface/inference@4.13.19':
    dependencies:
      '@huggingface/jinja': 0.5.9
      '@huggingface/tasks': 0.21.13

  '@huggingface/jinja@0.5.9': {}

  '@huggingface/tasks@0.21.13': {}

  '@smithy/core@3.29.0':
    dependencies:
      '@smithy/types': 4.15.1
      tslib: 2.8.1

  '@smithy/credential-provider-imds@4.4.5':
    dependencies:
      '@smithy/core': 3.29.0
      '@smithy/types': 4.15.1
      tslib: 2.8.1

  '@smithy/fetch-http-handler@5.6.2':
    dependencies:
      '@smithy/core': 3.29.0
      '@smithy/types': 4.15.1
      tslib: 2.8.1

  '@smithy/node-http-handler@4.9.2':
    dependencies:
      '@smithy/core': 3.29.0
      '@smithy/types': 4.15.1
      tslib: 2.8.1

  '@smithy/signature-v4@5.6.1':
    dependencies:
      '@smithy/core': 3.29.0
      '@smithy/types': 4.15.1
      tslib: 2.8.1

  '@smithy/types@4.15.1':
    dependencies:
      tslib: 2.8.1

  argparse@2.0.1: {}

  bowser@2.14.1: {}

  dotenv@17.4.1: {}

  fsevents@2.3.2:
    optional: true

  js-yaml@4.1.1:
    dependencies:
      argparse: 2.0.1

  playwright-core@1.61.0: {}

  playwright@1.61.0:
    dependencies:
      playwright-core: 1.61.0
    optionalDependencies:
      fsevents: 2.3.2

  postgres@3.4.9: {}

  tslib@2.8.1: {}

  yaml@2.9.0: {}
